
Microsoft Visual Studio Solution File, Format Version 12.00
# Visual Studio Version 17
VisualStudioVersion = 17.4.33006.217
MinimumVisualStudioVersion = 10.0.40219.1
Project("{2150E333-8FDC-42A3-9474-1A3956D46DE8}") = "Solution Items", "Solution Items", "{6DEF0F40-464A-4844-9985-0FB8DB28635D}"
	ProjectSection(SolutionItems) = preProject
		contributors.md = contributors.md
		LICENSE = LICENSE
		README.md = README.md
	EndProjectSection
EndProject
Project("{9A19103F-16F7-4668-BE54-9A1E7A4F7556}") = "Hl7.Fhir.MappingLanguage.R4B", "Hl7.Fhir.MappingLanguage\Hl7.Fhir.MappingLanguage.R4B.csproj", "{CF078C32-B99C-42CF-9C9D-C47B726D2480}"
EndProject
Project("{9A19103F-16F7-4668-BE54-9A1E7A4F7556}") = "Test.Hl7.Fhir.MappingLanguage", "Test.Hl7.Fhir.MappingLanguage\Test.Hl7.Fhir.MappingLanguage.csproj", "{B9B45CCB-D372-4D3E-9F04-14C6C41B8D08}"
EndProject
Project("{9A19103F-16F7-4668-BE54-9A1E7A4F7556}") = "demo-map-server", "demo-map-server\demo-map-server.csproj", "{75757436-0240-4386-9755-1DE065C4E1DA}"
EndProject
Project("{9A19103F-16F7-4668-BE54-9A1E7A4F7556}") = "VersionConversionTester", "VersionConversionTester\VersionConversionTester.csproj", "{0FA54ACD-CCDA-406E-B81B-959E77C30491}"
EndProject
Project("{9A19103F-16F7-4668-BE54-9A1E7A4F7556}") = "Hl7.Fhir.MappingLanguage.R5", "Hl7.Fhir.MappingLanguage.R5\Hl7.Fhir.MappingLanguage.R5.csproj", "{2847FC99-7840-4195-96FD-102C018A4E34}"
EndProject
Project("{9A19103F-16F7-4668-BE54-9A1E7A4F7556}") = "Test.Hl7.Fhir.MappingLanguage.R5", "Test.Hl7.Fhir.MappingLanguage.R5\Test.Hl7.Fhir.MappingLanguage.R5.csproj", "{8AAA93A0-C739-4FC8-89EB-AC9448C7A32A}"
EndProject
Project("{FAE04EC0-301F-11D3-BF4B-00C04F79EFBC}") = "Hl7.Fhir.MappingLanguage.R4", "Hl7.Fhir.MappingLanguage.R4\Hl7.Fhir.MappingLanguage.R4.csproj", "{538B4774-CBC2-3610-2499-9873AADD39D8}"
EndProject
Global
	GlobalSection(SolutionConfigurationPlatforms) = preSolution
		Debug|Any CPU = Debug|Any CPU
		Release|Any CPU = Release|Any CPU
	EndGlobalSection
	GlobalSection(ProjectConfigurationPlatforms) = postSolution
		{CF078C32-B99C-42CF-9C9D-C47B726D2480}.Debug|Any CPU.ActiveCfg = Debug|Any CPU
		{CF078C32-B99C-42CF-9C9D-C47B726D2480}.Debug|Any CPU.Build.0 = Debug|Any CPU
		{CF078C32-B99C-42CF-9C9D-C47B726D2480}.Release|Any CPU.ActiveCfg = Release|Any CPU
		{CF078C32-B99C-42CF-9C9D-C47B726D2480}.Release|Any CPU.Build.0 = Release|Any CPU
		{B9B45CCB-D372-4D3E-9F04-14C6C41B8D08}.Debug|Any CPU.ActiveCfg = Debug|Any CPU
		{B9B45CCB-D372-4D3E-9F04-14C6C41B8D08}.Debug|Any CPU.Build.0 = Debug|Any CPU
		{B9B45CCB-D372-4D3E-9F04-14C6C41B8D08}.Release|Any CPU.ActiveCfg = Release|Any CPU
		{B9B45CCB-D372-4D3E-9F04-14C6C41B8D08}.Release|Any CPU.Build.0 = Release|Any CPU
		{75757436-0240-4386-9755-1DE065C4E1DA}.Debug|Any CPU.ActiveCfg = Debug|Any CPU
		{75757436-0240-4386-9755-1DE065C4E1DA}.Debug|Any CPU.Build.0 = Debug|Any CPU
		{75757436-0240-4386-9755-1DE065C4E1DA}.Release|Any CPU.ActiveCfg = Release|Any CPU
		{75757436-0240-4386-9755-1DE065C4E1DA}.Release|Any CPU.Build.0 = Release|Any CPU
		{0FA54ACD-CCDA-406E-B81B-959E77C30491}.Debug|Any CPU.ActiveCfg = Debug|Any CPU
		{0FA54ACD-CCDA-406E-B81B-959E77C30491}.Debug|Any CPU.Build.0 = Debug|Any CPU
		{0FA54ACD-CCDA-406E-B81B-959E77C30491}.Release|Any CPU.ActiveCfg = Release|Any CPU
		{0FA54ACD-CCDA-406E-B81B-959E77C30491}.Release|Any CPU.Build.0 = Release|Any CPU
		{2847FC99-7840-4195-96FD-102C018A4E34}.Debug|Any CPU.ActiveCfg = Debug|Any CPU
		{2847FC99-7840-4195-96FD-102C018A4E34}.Debug|Any CPU.Build.0 = Debug|Any CPU
		{2847FC99-7840-4195-96FD-102C018A4E34}.Release|Any CPU.ActiveCfg = Release|Any CPU
		{2847FC99-7840-4195-96FD-102C018A4E34}.Release|Any CPU.Build.0 = Release|Any CPU
		{8AAA93A0-C739-4FC8-89EB-AC9448C7A32A}.Debug|Any CPU.ActiveCfg = Debug|Any CPU
		{8AAA93A0-C739-4FC8-89EB-AC9448C7A32A}.Debug|Any CPU.Build.0 = Debug|Any CPU
		{8AAA93A0-C739-4FC8-89EB-AC9448C7A32A}.Release|Any CPU.ActiveCfg = Release|Any CPU
		{8AAA93A0-C739-4FC8-89EB-AC9448C7A32A}.Release|Any CPU.Build.0 = Release|Any CPU
		{538B4774-CBC2-3610-2499-9873AADD39D8}.Debug|Any CPU.ActiveCfg = Debug|Any CPU
		{538B4774-CBC2-3610-2499-9873AADD39D8}.Debug|Any CPU.Build.0 = Debug|Any CPU
		{538B4774-CBC2-3610-2499-9873AADD39D8}.Release|Any CPU.ActiveCfg = Release|Any CPU
		{538B4774-CBC2-3610-2499-9873AADD39D8}.Release|Any CPU.Build.0 = Release|Any CPU
	EndGlobalSection
	GlobalSection(SolutionProperties) = preSolution
		HideSolutionNode = FALSE
	EndGlobalSection
	GlobalSection(ExtensibilityGlobals) = postSolution
		SolutionGuid = {3E1FEC36-5C8E-48B3-878C-0E2207211878}
	EndGlobalSection
EndGlobal
